
Microsoft Visual Studio Solution File, Format Version 12.00
Project("{FAE04EC0-301F-11D3-BF4B-00C04F79EFBC}") = "WWECardsGame", "WWECardsGame\WWECardsGame.csproj", "{5D421EB8-726F-4929-A198-BBCAC941B33B}"
EndProject
Project("{FAE04EC0-301F-11D3-BF4B-00C04F79EFBC}") = "GameServer", "GameServer\GameServer.csproj", "{4F0131DD-2519-48E1-84A2-2CF2CB6C8A8F}"
EndProject
Project("{FAE04EC0-301F-11D3-BF4B-00C04F79EFBC}") = "GameClient", "GameClient\GameClient.csproj", "{C6D009A7-8964-4F24-9944-6A6E50C8A310}"
EndProject
Global
	GlobalSection(SolutionConfigurationPlatforms) = preSolution
		Debug|Any CPU = Debug|Any CPU
		Release|Any CPU = Release|Any CPU
	EndGlobalSection
	GlobalSection(ProjectConfigurationPlatforms) = postSolution
		{5D421EB8-726F-4929-A198-BBCAC941B33B}.Debug|Any CPU.ActiveCfg = Debug|Any CPU
		{5D421EB8-726F-4929-A198-BBCAC941B33B}.Debug|Any CPU.Build.0 = Debug|Any CPU
		{5D421EB8-726F-4929-A198-BBCAC941B33B}.Release|Any CPU.ActiveCfg = Release|Any CPU
		{5D421EB8-726F-4929-A198-BBCAC941B33B}.Release|Any CPU.Build.0 = Release|Any CPU
		{4F0131DD-2519-48E1-84A2-2CF2CB6C8A8F}.Debug|Any CPU.ActiveCfg = Debug|Any CPU
		{4F0131DD-2519-48E1-84A2-2CF2CB6C8A8F}.Debug|Any CPU.Build.0 = Debug|Any CPU
		{4F0131DD-2519-48E1-84A2-2CF2CB6C8A8F}.Release|Any CPU.ActiveCfg = Release|Any CPU
		{4F0131DD-2519-48E1-84A2-2CF2CB6C8A8F}.Release|Any CPU.Build.0 = Release|Any CPU
		{C6D009A7-8964-4F24-9944-6A6E50C8A310}.Debug|Any CPU.ActiveCfg = Debug|Any CPU
		{C6D009A7-8964-4F24-9944-6A6E50C8A310}.Debug|Any CPU.Build.0 = Debug|Any CPU
		{C6D009A7-8964-4F24-9944-6A6E50C8A310}.Release|Any CPU.ActiveCfg = Release|Any CPU
		{C6D009A7-8964-4F24-9944-6A6E50C8A310}.Release|Any CPU.Build.0 = Release|Any CPU
	EndGlobalSection
EndGlobal
